
Microsoft Visual Studio Solution File, Format Version 12.00
# Visual Studio Version 16
VisualStudioVersion = 16.0.30413.136
MinimumVisualStudioVersion = 10.0.40219.1
Project("{FAE04EC0-301F-11D3-BF4B-00C04F79EFBC}") = "testui", "testui.csproj", "{EA9DEBDB-8A54-4BE2-ABAE-F151FDEABF62}"
EndProject
Global
	GlobalSection(SolutionConfigurationPlatforms) = preSolution
		Debug|Any CPU = Debug|Any CPU
		Release|Any CPU = Release|Any CPU
	EndGlobalSection
	GlobalSection(ProjectConfigurationPlatforms) = postSolution
		{EA9DEBDB-8A54-4BE2-ABAE-F151FDEABF62}.Debug|Any CPU.ActiveCfg = Debug|Any CPU
		{EA9DEBDB-8A54-4BE2-ABAE-F151FDEABF62}.Debug|Any CPU.Build.0 = Debug|Any CPU
		{EA9DEBDB-8A54-4BE2-ABAE-F151FDEABF62}.Release|Any CPU.ActiveCfg = Release|Any CPU
		{EA9DEBDB-8A54-4BE2-ABAE-F151FDEABF62}.Release|Any CPU.Build.0 = Release|Any CPU
	EndGlobalSection
	GlobalSection(SolutionProperties) = preSolution
		HideSolutionNode = FALSE
	EndGlobalSection
	GlobalSection(ExtensibilityGlobals) = postSolution
		SolutionGuid = {6B78EA57-48F4-4380-ABE1-42E7381AC3D4}
	EndGlobalSection
EndGlobal
